// !$*UTF8*$!
{
	archiveVersion = 1;
	classes = {
	};
	objectVersion = 77;
	objects = {

/* Begin PBXBuildFile section */
		76820D922FD76BED0068EAE7 /* libsqlite3.tbd in Frameworks */ = {isa = PBXBuildFile; fileRef = 76820D912FD76BED0068EAE7 /* libsqlite3.tbd */; };
/* End PBXBuildFile section */

/* Begin PBXContainerItemProxy section */
		76820D112FD75E300068EAE7 /* PBXContainerItemProxy */ = {
			isa = PBXContainerItemProxy;
			containerPortal = 76820CFB2FD75E2E0068EAE7 /* Project object */;
			proxyType = 1;
			remoteGlobalIDString = 76820D022FD75E2E0068EAE7;
			remoteInfo = LinkMe;
		};
		76820D1B2FD75E300068EAE7 /* PBXContainerItemProxy */ = {
			isa = PBXContainerItemProxy;
			containerPortal = 76820CFB2FD75E2E0068EAE7 /* Project object */;
			proxyType = 1;
			remoteGlobalIDString = 76820D022FD75E2E0068EAE7;
			remoteInfo = LinkMe;
		};
/* End PBXContainerItemProxy section */

/* Begin PBXFileReference section */
		76820D032FD75E2E0068EAE7 /* LinkMe.app */ = {isa = PBXFileReference; explicitFileType = wrapper.application; includeInIndex = 0; path = LinkMe.app; sourceTree = BUILT_PRODUCTS_DIR; };
		76820D102FD75E300068EAE7 /* LinkMeTests.xctest */ = {isa = PBXFileReference; explicitFileType = wrapper.cfbundle; includeInIndex = 0; path = LinkMeTests.xctest; sourceTree = BUILT_PRODUCTS_DIR; };
		76820D1A2FD75E300068EAE7 /* LinkMeUITests.xctest */ = {isa = PBXFileReference; explicitFileType = wrapper.cfbundle; includeInIndex = 0; path = LinkMeUITests.xctest; sourceTree = BUILT_PRODUCTS_DIR; };
		76820D912FD76BED0068EAE7 /* libsqlite3.tbd */ = {isa = PBXFileReference; lastKnownFileType = "sourcecode.text-based-dylib-definition"; name = libsqlite3.tbd; path = usr/lib/libsqlite3.tbd; sourceTree = SDKROOT; };
/* End PBXFileReference section */

/* Begin PBXFileSystemSynchronizedBuildFileExceptionSet section */
		7625ED3D2FDD4CC3003476D3 /* Exceptions for "LinkMe" folder in "LinkMe" target */ = {
			isa = PBXFileSystemSynchronizedBuildFileExceptionSet;
			membershipExceptions = (
				Info.plist,
			);
			target = 76820D022FD75E2E0068EAE7 /* LinkMe */;
		};
/* End PBXFileSystemSynchronizedBuildFileExceptionSet section */

/* Begin PBXFileSystemSynchronizedRootGroup section */
		76820D052FD75E2E0068EAE7 /* LinkMe */ = {
			isa = PBXFileSystemSynchronizedRootGroup;
			exceptions = (
				7625ED3D2FDD4CC3003476D3 /* Exceptions for "LinkMe" folder in "LinkMe" target */,
			);
			path = LinkMe;
			sourceTree = "<group>";
		};
		76820D132FD75E300068EAE7 /* LinkMeTests */ = {
			isa = PBXFileSystemSynchronizedRootGroup;
			path = LinkMeTests;
			sourceTree = "<group>";
		};
		76820D1D2FD75E300068EAE7 /* LinkMeUITests */ = {
			isa = PBXFileSystemSynchronizedRootGroup;
			path = LinkMeUITests;
			sourceTree = "<group>";
		};
/* End PBXFileSystemSynchronizedRootGroup section */

/* Begin PBXFrameworksBuildPhase section */
		76820D002FD75E2E0068EAE7 /* Frameworks */ = {
			isa = PBXFrameworksBuildPhase;
			buildActionMask = 2147483647;
			files = (
				76820D922FD76BED0068EAE7 /* libsqlite3.tbd in Frameworks */,
			);
			runOnlyForDeploymentPostprocessing = 0;
		};
		76820D0D2FD75E300068EAE7 /* Frameworks */ = {
			isa = PBXFrameworksBuildPhase;
			buildActionMask = 2147483647;
			files = (
			);
			runOnlyForDeploymentPostprocessing = 0;
		};
		76820D172FD75E300068EAE7 /* Frameworks */ = {
			isa = PBXFrameworksBuildPhase;
			buildActionMask = 2147483647;
			files = (
			);
			runOnlyForDeploymentPostprocessing = 0;
		};
/* End PBXFrameworksBuildPhase section */

/* Begin PBXGroup section */
		76820CFA2FD75E2E0068EAE7 = {
			isa = PBXGroup;
			children = (
				76820D052FD75E2E0068EAE7 /* LinkMe */,
				76820D132FD75E300068EAE7 /* LinkMeTests */,
				76820D1D2FD75E300068EAE7 /* LinkMeUITests */,
				76820D902FD76BED0068EAE7 /* Frameworks */,
				76820D042FD75E2E0068EAE7 /* Products */,
			);
			sourceTree = "<group>";
		};
		76820D042FD75E2E0068EAE7 /* Products */ = {
			isa = PBXGroup;
			children = (
				76820D032FD75E2E0068EAE7 /* LinkMe.app */,
				76820D102FD75E300068EAE7 /* LinkMeTests.xctest */,
				76820D1A2FD75E300068EAE7 /* LinkMeUITests.xctest */,
			);
			name = Products;
			sourceTree = "<group>";
		};
		76820D902FD76BED0068EAE7 /* Frameworks */ = {
			isa = PBXGroup;
			children = (
				76820D912FD76BED0068EAE7 /* libsqlite3.tbd */,
			);
			name = Frameworks;
			sourceTree = "<group>";
		};
/* End PBXGroup section */

/* Begin PBXNativeTarget section */
		76820D022FD75E2E0068EAE7 /* LinkMe */ = {
			isa = PBXNativeTarget;
			buildConfigurationList = 76820D242FD75E300068EAE7 /* Build configuration list for PBXNativeTarget "LinkMe" */;
			buildPhases = (
				76820CFF2FD75E2E0068EAE7 /* Sources */,
				76820D002FD75E2E0068EAE7 /* Frameworks */,
				76820D012FD75E2E0068EAE7 /* Resources */,
			);
			buildRules = (
			);
			dependencies = (
			);
			fileSystemSynchronizedGroups = (
				76820D052FD75E2E0068EAE7 /* LinkMe */,
			);
			name = LinkMe;
			packageProductDependencies = (
			);
			productName = LinkMe;
			productReference = 76820D032FD75E2E0068EAE7 /* LinkMe.app */;
			productType = "com.apple.product-type.application";
		};
		76820D0F2FD75E300068EAE7 /* LinkMeTests */ = {
			isa = PBXNativeTarget;
			buildConfigurationList = 76820D272FD75E300068EAE7 /* Build configuration list for PBXNativeTarget "LinkMeTests" */;
			buildPhases = (
				76820D0C2FD75E300068EAE7 /* Sources */,
				76820D0D2FD75E300068EAE7 /* Frameworks */,
				76820D0E2FD75E300068EAE7 /* Resources */,
			);
			buildRules = (
			);
			dependencies = (
				76820D122FD75E300068EAE7 /* PBXTargetDependency */,
			);
			fileSystemSynchronizedGroups = (
				76820D132FD75E300068EAE7 /* LinkMeTests */,
			);
			name = LinkMeTests;
			packageProductDependencies = (
			);
			productName = LinkMeTests;
			productReference = 76820D102FD75E300068EAE7 /* LinkMeTests.xctest */;
			productType = "com.apple.product-type.bundle.unit-test";
		};
		76820D192FD75E300068EAE7 /* LinkMeUITests */ = {
			isa = PBXNativeTarget;
			buildConfigurationList = 76820D2A2FD75E300068EAE7 /* Build configuration list for PBXNativeTarget "LinkMeUITests" */;
			buildPhases = (
				76820D162FD75E300068EAE7 /* Sources */,
				76820D172FD75E300068EAE7 /* Frameworks */,
				76820D182FD75E300068EAE7 /* Resources */,
			);
			buildRules = (
			);
			dependencies = (
				76820D1C2FD75E300068EAE7 /* PBXTargetDependency */,
			);
			fileSystemSynchronizedGroups = (
				76820D1D2FD75E300068EAE7 /* LinkMeUITests */,
			);
			name = LinkMeUITests;
			packageProductDependencies = (
			);
			productName = LinkMeUITests;
			productReference = 76820D1A2FD75E300068EAE7 /* LinkMeUITests.xctest */;
			productType = "com.apple.product-type.bundle.ui-testing";
		};
/* End PBXNativeTarget section */

/* Begin PBXProject section */
		76820CFB2FD75E2E0068EAE7 /* Project object */ = {
			isa = PBXProject;
			attributes = {
				BuildIndependentTargetsInParallel = 1;
				LastSwiftUpdateCheck = 2650;
				LastUpgradeCheck = 2650;
				TargetAttributes = {
					76820D022FD75E2E0068EAE7 = {
						CreatedOnToolsVersion = 26.5;
					};
					76820D0F2FD75E300068EAE7 = {
						CreatedOnToolsVersion = 26.5;
						TestTargetID = 76820D022FD75E2E0068EAE7;
					};
					76820D192FD75E300068EAE7 = {
						CreatedOnToolsVersion = 26.5;
						TestTargetID = 76820D022FD75E2E0068EAE7;
					};
				};
			};
			buildConfigurationList = 76820CFE2FD75E2E0068EAE7 /* Build configuration list for PBXProject "LinkMe" */;
			developmentRegion = en;
			hasScannedForEncodings = 0;
			knownRegions = (
				en,
				Base,
			);
			mainGroup = 76820CFA2FD75E2E0068EAE7;
			minimizedProjectReferenceProxies = 1;
			preferredProjectObjectVersion = 77;
			productRefGroup = 76820D042FD75E2E0068EAE7 /* Products */;
			projectDirPath = "";
			projectRoot = "";
			targets = (
				76820D022FD75E2E0068EAE7 /* LinkMe */,
				76820D0F2FD75E300068EAE7 /* LinkMeTests */,
				76820D192FD75E300068EAE7 /* LinkMeUITests */,
			);
		};
/* End PBXProject section */

/* Begin PBXResourcesBuildPhase section */
		76820D012FD75E2E0068EAE7 /* Resources */ = {
			isa = PBXResourcesBuildPhase;
			buildActionMask = 2147483647;
			files = (
			);
			runOnlyForDeploymentPostprocessing = 0;
		};
		76820D0E2FD75E300068EAE7 /* Resources */ = {
			isa = PBXResourcesBuildPhase;
			buildActionMask = 2147483647;
			files = (
			);
			runOnlyForDeploymentPostprocessing = 0;
		};
		76820D182FD75E300068EAE7 /* Resources */ = {
			isa = PBXResourcesBuildPhase;
			buildActionMask = 2147483647;
			files = (
			);
			runOnlyForDeploymentPostprocessing = 0;
		};
/* End PBXResourcesBuildPhase section */

/* Begin PBXSourcesBuildPhase section */
		76820CFF2FD75E2E0068EAE7 /* Sources */ = {
			isa = PBXSourcesBuildPhase;
			buildActionMask = 2147483647;
			files = (
			);
			runOnlyForDeploymentPostprocessing = 0;
		};
		76820D0C2FD75E300068EAE7 /* Sources */ = {
			isa = PBXSourcesBuildPhase;
			buildActionMask = 2147483647;
			files = (
			);
			runOnlyForDeploymentPostprocessing = 0;
		};
		76820D162FD75E300068EAE7 /* Sources */ = {
			isa = PBXSourcesBuildPhase;
			buildActionMask = 2147483647;
			files = (
			);
			runOnlyForDeploymentPostprocessing = 0;
		};
/* End PBXSourcesBuildPhase section */

/* Begin PBXTargetDependency section */
		76820D122FD75E300068EAE7 /* PBXTargetDependency */ = {
			isa = PBXTargetDependency;
			target = 76820D022FD75E2E0068EAE7 /* LinkMe */;
			targetProxy = 76820D112FD75E300068EAE7 /* PBXContainerItemProxy */;
		};
		76820D1C2FD75E300068EAE7 /* PBXTargetDependency */ = {
			isa = PBXTargetDependency;
			target = 76820D022FD75E2E0068EAE7 /* LinkMe */;
			targetProxy = 76820D1B2FD75E300068EAE7 /* PBXContainerItemProxy */;
		};
/* End PBXTargetDependency section */

/* Begin XCBuildConfiguration section */
		76820D222FD75E300068EAE7 /* Debug */ = {
			isa = XCBuildConfiguration;
			buildSettings = {
				ALWAYS_SEARCH_USER_PATHS = NO;
				ASSETCATALOG_COMPILER_GENERATE_SWIFT_ASSET_SYMBOL_EXTENSIONS = YES;
				CLANG_ANALYZER_NONNULL = YES;
				CLANG_ANALYZER_NUMBER_OBJECT_CONVERSION = YES_AGGRESSIVE;
				CLANG_CXX_LANGUAGE_STANDARD = "gnu++20";
				CLANG_ENABLE_MODULES = YES;
				CLANG_ENABLE_OBJC_ARC = YES;
				CLANG_ENABLE_OBJC_WEAK = YES;
				CLANG_WARN_BLOCK_CAPTURE_AUTORELEASING = YES;
				CLANG_WARN_BOOL_CONVERSION = YES;
				CLANG_WARN_COMMA = YES;
				CLANG_WARN_CONSTANT_CONVERSION = YES;
				CLANG_WARN_DEPRECATED_OBJC_IMPLEMENTATIONS = YES;
				CLANG_WARN_DIRECT_OBJC_ISA_USAGE = YES_ERROR;
				CLANG_WARN_DOCUMENTATION_COMMENTS = YES;
				CLANG_WARN_EMPTY_BODY = YES;
				CLANG_WARN_ENUM_CONVERSION = YES;
				CLANG_WARN_INFINITE_RECURSION = YES;
				CLANG_WARN_INT_CONVERSION = YES;
				CLANG_WARN_NON_LITERAL_NULL_CONVERSION = YES;
				CLANG_WARN_OBJC_IMPLICIT_RETAIN_SELF = YES;
				CLANG_WARN_OBJC_LITERAL_CONVERSION = YES;
				CLANG_WARN_OBJC_ROOT_CLASS = YES_ERROR;
				CLANG_WARN_QUOTED_INCLUDE_IN_FRAMEWORK_HEADER = YES;
				CLANG_WARN_RANGE_LOOP_ANALYSIS = YES;
				CLANG_WARN_STRICT_PROTOTYPES = YES;
				CLANG_WARN_SUSPICIOUS_MOVE = YES;
				CLANG_WARN_UNGUARDED_AVAILABILITY = YES_AGGRESSIVE;
				CLANG_WARN_UNREACHABLE_CODE = YES;
				CLANG_WARN__DUPLICATE_METHOD_MATCH = YES;
				COPY_PHASE_STRIP = NO;
				DEBUG_INFORMATION_FORMAT = dwarf;
				DEVELOPMENT_TEAM = 342L82G5GB;
				ENABLE_STRICT_OBJC_MSGSEND = YES;
				ENABLE_TESTABILITY = YES;
				ENABLE_USER_SCRIPT_SANDBOXING = YES;
				GCC_C_LANGUAGE_STANDARD = gnu17;
				GCC_DYNAMIC_NO_PIC = NO;
				GCC_NO_COMMON_BLOCKS = YES;
				GCC_OPTIMIZATION_LEVEL = 0;
				GCC_PREPROCESSOR_DEFINITIONS = (
					"DEBUG=1",
					"$(inherited)",
				);
				GCC_WARN_64_TO_32_BIT_CONVERSION = YES;
				GCC_WARN_ABOUT_RETURN_TYPE = YES_ERROR;
				GCC_WARN_UNDECLARED_SELECTOR = YES;
				GCC_WARN_UNINITIALIZED_AUTOS = YES_AGGRESSIVE;
				GCC_WARN_UNUSED_FUNCTION = YES;
				GCC_WARN_UNUSED_VARIABLE = YES;
				IPHONEOS_DEPLOYMENT_TARGET = 26.5;
				LOCALIZATION_PREFERS_STRING_CATALOGS = YES;
				MTL_ENABLE_DEBUG_INFO = INCLUDE_SOURCE;
				MTL_FAST_MATH = YES;
				ONLY_ACTIVE_ARCH = YES;
				SDKROOT = iphoneos;
				SWIFT_ACTIVE_COMPILATION_CONDITIONS = "DEBUG $(inherited)";
				SWIFT_OPTIMIZATION_LEVEL = "-Onone";
			};
			name = Debug;
		};
		76820D232FD75E300068EAE7 /* Release */ = {
			isa = XCBuildConfiguration;
			buildSettings = {
				ALWAYS_SEARCH_USER_PATHS = NO;
				ASSETCATALOG_COMPILER_GENERATE_SWIFT_ASSET_SYMBOL_EXTENSIONS = YES;
				CLANG_ANALYZER_NONNULL = YES;
				CLANG_ANALYZER_NUMBER_OBJECT_CONVERSION = YES_AGGRESSIVE;
				CLANG_CXX_LANGUAGE_STANDARD = "gnu++20";
				CLANG_ENABLE_MODULES = YES;
				CLANG_ENABLE_OBJC_ARC = YES;
				CLANG_ENABLE_OBJC_WEAK = YES;
				CLANG_WARN_BLOCK_CAPTURE_AUTORELEASING = YES;
				CLANG_WARN_BOOL_CONVERSION = YES;
				CLANG_WARN_COMMA = YES;
				CLANG_WARN_CONSTANT_CONVERSION = YES;
				CLANG_WARN_DEPRECATED_OBJC_IMPLEMENTATIONS = YES;
				CLANG_WARN_DIRECT_OBJC_ISA_USAGE = YES_ERROR;
				CLANG_WARN_DOCUMENTATION_COMMENTS = YES;
				CLANG_WARN_EMPTY_BODY = YES;
				CLANG_WARN_ENUM_CONVERSION = YES;
				CLANG_WARN_INFINITE_RECURSION = YES;
				CLANG_WARN_INT_CONVERSION = YES;
				CLANG_WARN_NON_LITERAL_NULL_CONVERSION = YES;
				CLANG_WARN_OBJC_IMPLICIT_RETAIN_SELF = YES;
				CLANG_WARN_OBJC_LITERAL_CONVERSION = YES;
				CLANG_WARN_OBJC_ROOT_CLASS = YES_ERROR;
				CLANG_WARN_QUOTED_INCLUDE_IN_FRAMEWORK_HEADER = YES;
				CLANG_WARN_RANGE_LOOP_ANALYSIS = YES;
				CLANG_WARN_STRICT_PROTOTYPES = YES;
				CLANG_WARN_SUSPICIOUS_MOVE = YES;
				CLANG_WARN_UNGUARDED_AVAILABILITY = YES_AGGRESSIVE;
				CLANG_WARN_UNREACHABLE_CODE = YES;
				CLANG_WARN__DUPLICATE_METHOD_MATCH = YES;
				COPY_PHASE_STRIP = NO;
				DEBUG_INFORMATION_FORMAT = "dwarf-with-dsym";
				DEVELOPMENT_TEAM = 342L82G5GB;
				ENABLE_NS_ASSERTIONS = NO;
				ENABLE_STRICT_OBJC_MSGSEND = YES;
				ENABLE_USER_SCRIPT_SANDBOXING = YES;
				GCC_C_LANGUAGE_STANDARD = gnu17;
				GCC_NO_COMMON_BLOCKS = YES;
				GCC_WARN_64_TO_32_BIT_CONVERSION = YES;
				GCC_WARN_ABOUT_RETURN_TYPE = YES_ERROR;
				GCC_WARN_UNDECLARED_SELECTOR = YES;
				GCC_WARN_UNINITIALIZED_AUTOS = YES_AGGRESSIVE;
				GCC_WARN_UNUSED_FUNCTION = YES;
				GCC_WARN_UNUSED_VARIABLE = YES;
				IPHONEOS_DEPLOYMENT_TARGET = 26.5;
				LOCALIZATION_PREFERS_STRING_CATALOGS = YES;
				MTL_ENABLE_DEBUG_INFO = NO;
				MTL_FAST_MATH = YES;
				SDKROOT = iphoneos;
				SWIFT_COMPILATION_MODE = wholemodule;
				VALIDATE_PRODUCT = YES;
			};
			name = Release;
		};
		76820D252FD75E300068EAE7 /* Debug */ = {
			isa = XCBuildConfiguration;
			buildSettings = {
				ASSETCATALOG_COMPILER_APPICON_NAME = AppIcon;
				ASSETCATALOG_COMPILER_GLOBAL_ACCENT_COLOR_NAME = AccentColor;
				CODE_SIGN_STYLE = Automatic;
				CURRENT_PROJECT_VERSION = 148;
				DEVELOPMENT_TEAM = 342L82G5GB;
				ENABLE_PREVIEWS = YES;
				GENERATE_INFOPLIST_FILE = YES;
				INFOPLIST_FILE = LinkMe/Info.plist;
				INFOPLIST_KEY_CFBundleDisplayName = LinkMe;
				INFOPLIST_KEY_NSCalendarsFullAccessUsageDescription = "LinkMe reads upcoming calendar events to show timely relationship briefings.";
				INFOPLIST_KEY_NSCalendarsUsageDescription = "LinkMe reads upcoming calendar events to show timely relationship briefings.";
				INFOPLIST_KEY_NSContactsUsageDescription = "LinkMe syncs your iPhone contacts into your on-device people list";
				INFOPLIST_KEY_NSLocationAlwaysAndWhenInUseUsageDescription = "LinkMe needs access to your location to help you remember where you are when meeting people.";
				INFOPLIST_KEY_NSLocationWhenInUseUsageDescription = "LinkMe needs access to your location to help you remember where you are when meeting people.";
				INFOPLIST_KEY_NSMicrophoneUsageDescription = "LinkMe needs microphone access to capture voice notes about your connections";
				INFOPLIST_KEY_NSSpeechRecognitionUsageDescription = "LinkMe uses speech recognition to transcribe your voice notes";
				INFOPLIST_KEY_UIApplicationSceneManifest_Generation = YES;
				INFOPLIST_KEY_UIApplicationSupportsIndirectInputEvents = YES;
				INFOPLIST_KEY_UILaunchScreen_Generation = YES;
				INFOPLIST_KEY_UISupportedInterfaceOrientations = UIInterfaceOrientationPortrait;
				INFOPLIST_KEY_UISupportedInterfaceOrientations_iPad = "UIInterfaceOrientationLandscapeLeft UIInterfaceOrientationLandscapeRight UIInterfaceOrientationPortrait UIInterfaceOrientationPortraitUpsideDown";
				LD_RUNPATH_SEARCH_PATHS = (
					"$(inherited)",
					"@executable_path/Frameworks",
				);
				MARKETING_VERSION = 1.3;
				PRODUCT_BUNDLE_IDENTIFIER = com.stephanepaquet.LinkMe;
				PRODUCT_NAME = "$(TARGET_NAME)";
				STRING_CATALOG_GENERATE_SYMBOLS = YES;
				SWIFT_APPROACHABLE_CONCURRENCY = YES;
				SWIFT_DEFAULT_ACTOR_ISOLATION = MainActor;
				SWIFT_EMIT_LOC_STRINGS = YES;
				SWIFT_OBJC_BRIDGING_HEADER = "LinkMe/LinkMe-Bridging-Header.h";
				SWIFT_UPCOMING_FEATURE_MEMBER_IMPORT_VISIBILITY = YES;
				SWIFT_VERSION = 5.0;
				TARGETED_DEVICE_FAMILY = "1,2";
			};
			name = Debug;
		};
		76820D262FD75E300068EAE7 /* Release */ = {
			isa = XCBuildConfiguration;
			buildSettings = {
				ASSETCATALOG_COMPILER_APPICON_NAME = AppIcon;
				ASSETCATALOG_COMPILER_GLOBAL_ACCENT_COLOR_NAME = AccentColor;
				CODE_SIGN_STYLE = Automatic;
				CURRENT_PROJECT_VERSION = 148;
				DEVELOPMENT_TEAM = 342L82G5GB;
				ENABLE_PREVIEWS = YES;
				GENERATE_INFOPLIST_FILE = YES;
				INFOPLIST_FILE = LinkMe/Info.plist;
				INFOPLIST_KEY_CFBundleDisplayName = LinkMe;
				INFOPLIST_KEY_NSCalendarsFullAccessUsageDescription = "LinkMe reads upcoming calendar events to show timely relationship briefings.";
				INFOPLIST_KEY_NSCalendarsUsageDescription = "LinkMe reads upcoming calendar events to show timely relationship briefings.";
				INFOPLIST_KEY_NSContactsUsageDescription = "LinkMe syncs your iPhone contacts into your on-device people list";
				INFOPLIST_KEY_NSLocationAlwaysAndWhenInUseUsageDescription = "LinkMe needs access to your location to help you remember where you are when meeting people.";
				INFOPLIST_KEY_NSLocationWhenInUseUsageDescription = "LinkMe needs access to your location to help you remember where you are when meeting people.";
				INFOPLIST_KEY_NSMicrophoneUsageDescription = "LinkMe needs microphone access to capture voice notes about your connections";
				INFOPLIST_KEY_NSSpeechRecognitionUsageDescription = "LinkMe uses speech recognition to transcribe your voice notes";
				INFOPLIST_KEY_UIApplicationSceneManifest_Generation = YES;
				INFOPLIST_KEY_UIApplicationSupportsIndirectInputEvents = YES;
				INFOPLIST_KEY_UILaunchScreen_Generation = YES;
				INFOPLIST_KEY_UISupportedInterfaceOrientations = UIInterfaceOrientationPortrait;
				INFOPLIST_KEY_UISupportedInterfaceOrientations_iPad = "UIInterfaceOrientationLandscapeLeft UIInterfaceOrientationLandscapeRight UIInterfaceOrientationPortrait UIInterfaceOrientationPortraitUpsideDown";
				LD_RUNPATH_SEARCH_PATHS = (
					"$(inherited)",
					"@executable_path/Frameworks",
				);
				MARKETING_VERSION = 1.3;
				PRODUCT_BUNDLE_IDENTIFIER = com.stephanepaquet.LinkMe;
				PRODUCT_NAME = "$(TARGET_NAME)";
				STRING_CATALOG_GENERATE_SYMBOLS = YES;
				SWIFT_APPROACHABLE_CONCURRENCY = YES;
				SWIFT_DEFAULT_ACTOR_ISOLATION = MainActor;
				SWIFT_EMIT_LOC_STRINGS = YES;
				SWIFT_OBJC_BRIDGING_HEADER = "LinkMe/LinkMe-Bridging-Header.h";
				SWIFT_UPCOMING_FEATURE_MEMBER_IMPORT_VISIBILITY = YES;
				SWIFT_VERSION = 5.0;
				TARGETED_DEVICE_FAMILY = "1,2";
			};
			name = Release;
		};
		76820D282FD75E300068EAE7 /* Debug */ = {
			isa = XCBuildConfiguration;
			buildSettings = {
				BUNDLE_LOADER = "$(TEST_HOST)";
				CODE_SIGN_STYLE = Automatic;
				CURRENT_PROJECT_VERSION = 1;
				DEVELOPMENT_TEAM = 342L82G5GB;
				GENERATE_INFOPLIST_FILE = YES;
				IPHONEOS_DEPLOYMENT_TARGET = 26.5;
				MARKETING_VERSION = 1.2;
				PRODUCT_BUNDLE_IDENTIFIER = com.stephanepaquet.LinkMeTests;
				PRODUCT_NAME = "$(TARGET_NAME)";
				STRING_CATALOG_GENERATE_SYMBOLS = NO;
				SWIFT_APPROACHABLE_CONCURRENCY = YES;
				SWIFT_EMIT_LOC_STRINGS = NO;
				SWIFT_UPCOMING_FEATURE_MEMBER_IMPORT_VISIBILITY = YES;
				SWIFT_VERSION = 5.0;
				TARGETED_DEVICE_FAMILY = "1,2";
				TEST_HOST = "$(BUILT_PRODUCTS_DIR)/LinkMe.app/$(BUNDLE_EXECUTABLE_FOLDER_PATH)/LinkMe";
			};
			name = Debug;
		};
		76820D292FD75E300068EAE7 /* Release */ = {
			isa = XCBuildConfiguration;
			buildSettings = {
				BUNDLE_LOADER = "$(TEST_HOST)";
				CODE_SIGN_STYLE = Automatic;
				CURRENT_PROJECT_VERSION = 1;
				DEVELOPMENT_TEAM = 342L82G5GB;
				GENERATE_INFOPLIST_FILE = YES;
				IPHONEOS_DEPLOYMENT_TARGET = 26.5;
				MARKETING_VERSION = 1.2;
				PRODUCT_BUNDLE_IDENTIFIER = com.stephanepaquet.LinkMeTests;
				PRODUCT_NAME = "$(TARGET_NAME)";
				STRING_CATALOG_GENERATE_SYMBOLS = NO;
				SWIFT_APPROACHABLE_CONCURRENCY = YES;
				SWIFT_EMIT_LOC_STRINGS = NO;
				SWIFT_UPCOMING_FEATURE_MEMBER_IMPORT_VISIBILITY = YES;
				SWIFT_VERSION = 5.0;
				TARGETED_DEVICE_FAMILY = "1,2";
				TEST_HOST = "$(BUILT_PRODUCTS_DIR)/LinkMe.app/$(BUNDLE_EXECUTABLE_FOLDER_PATH)/LinkMe";
			};
			name = Release;
		};
		76820D2B2FD75E300068EAE7 /* Debug */ = {
			isa = XCBuildConfiguration;
			buildSettings = {
				CODE_SIGN_STYLE = Automatic;
				CURRENT_PROJECT_VERSION = 1;
				DEVELOPMENT_TEAM = 342L82G5GB;
				GENERATE_INFOPLIST_FILE = YES;
				MARKETING_VERSION = 1.2;
				PRODUCT_BUNDLE_IDENTIFIER = com.stephanepaquet.LinkMeUITests;
				PRODUCT_NAME = "$(TARGET_NAME)";
				STRING_CATALOG_GENERATE_SYMBOLS = NO;
				SWIFT_APPROACHABLE_CONCURRENCY = YES;
				SWIFT_EMIT_LOC_STRINGS = NO;
				SWIFT_UPCOMING_FEATURE_MEMBER_IMPORT_VISIBILITY = YES;
				SWIFT_VERSION = 5.0;
				TARGETED_DEVICE_FAMILY = "1,2";
				TEST_TARGET_NAME = LinkMe;
			};
			name = Debug;
		};
		76820D2C2FD75E300068EAE7 /* Release */ = {
			isa = XCBuildConfiguration;
			buildSettings = {
				CODE_SIGN_STYLE = Automatic;
				CURRENT_PROJECT_VERSION = 1;
				DEVELOPMENT_TEAM = 342L82G5GB;
				GENERATE_INFOPLIST_FILE = YES;
				MARKETING_VERSION = 1.2;
				PRODUCT_BUNDLE_IDENTIFIER = com.stephanepaquet.LinkMeUITests;
				PRODUCT_NAME = "$(TARGET_NAME)";
				STRING_CATALOG_GENERATE_SYMBOLS = NO;
				SWIFT_APPROACHABLE_CONCURRENCY = YES;
				SWIFT_EMIT_LOC_STRINGS = NO;
				SWIFT_UPCOMING_FEATURE_MEMBER_IMPORT_VISIBILITY = YES;
				SWIFT_VERSION = 5.0;
				TARGETED_DEVICE_FAMILY = "1,2";
				TEST_TARGET_NAME = LinkMe;
			};
			name = Release;
		};
/* End XCBuildConfiguration section */

/* Begin XCConfigurationList section */
		76820CFE2FD75E2E0068EAE7 /* Build configuration list for PBXProject "LinkMe" */ = {
			isa = XCConfigurationList;
			buildConfigurations = (
				76820D222FD75E300068EAE7 /* Debug */,
				76820D232FD75E300068EAE7 /* Release */,
			);
			defaultConfigurationIsVisible = 0;
			defaultConfigurationName = Release;
		};
		76820D242FD75E300068EAE7 /* Build configuration list for PBXNativeTarget "LinkMe" */ = {
			isa = XCConfigurationList;
			buildConfigurations = (
				76820D252FD75E300068EAE7 /* Debug */,
				76820D262FD75E300068EAE7 /* Release */,
			);
			defaultConfigurationIsVisible = 0;
			defaultConfigurationName = Release;
		};
		76820D272FD75E300068EAE7 /* Build configuration list for PBXNativeTarget "LinkMeTests" */ = {
			isa = XCConfigurationList;
			buildConfigurations = (
				76820D282FD75E300068EAE7 /* Debug */,
				76820D292FD75E300068EAE7 /* Release */,
			);
			defaultConfigurationIsVisible = 0;
			defaultConfigurationName = Release;
		};
		76820D2A2FD75E300068EAE7 /* Build configuration list for PBXNativeTarget "LinkMeUITests" */ = {
			isa = XCConfigurationList;
			buildConfigurations = (
				76820D2B2FD75E300068EAE7 /* Debug */,
				76820D2C2FD75E300068EAE7 /* Release */,
			);
			defaultConfigurationIsVisible = 0;
			defaultConfigurationName = Release;
		};
/* End XCConfigurationList section */
	};
	rootObject = 76820CFB2FD75E2E0068EAE7 /* Project object */;
}
